// !$*UTF8*$!
{
	archiveVersion = 1;
	classes = {
	};
	objectVersion = 50;
	objects = {

/* Begin PBXBuildFile section */
		5E99F94126E7DA3900B6EFE0 /* Tests_iOS.swift in Sources */ = {isa = PBXBuildFile; fileRef = 5E99F94026E7DA3900B6EFE0 /* Tests_iOS.swift */; };
		5E99F94C26E7DA3900B6EFE0 /* Tests_macOS.swift in Sources */ = {isa = PBXBuildFile; fileRef = 5E99F94B26E7DA3900B6EFE0 /* Tests_macOS.swift */; };
		5E99F94E26E7DA3900B6EFE0 /* alpha_appApp.swift in Sources */ = {isa = PBXBuildFile; fileRef = 5E99F92526E7DA3800B6EFE0 /* alpha_appApp.swift */; };
		5E99F94F26E7DA3900B6EFE0 /* alpha_appApp.swift in Sources */ = {isa = PBXBuildFile; fileRef = 5E99F92526E7DA3800B6EFE0 /* alpha_appApp.swift */; };
		5E99F95026E7DA3900B6EFE0 /* ContentView.swift in Sources */ = {isa = PBXBuildFile; fileRef = 5E99F92626E7DA3800B6EFE0 /* ContentView.swift */; };
		5E99F95126E7DA3900B6EFE0 /* ContentView.swift in Sources */ = {isa = PBXBuildFile; fileRef = 5E99F92626E7DA3800B6EFE0 /* ContentView.swift */; };
		5E99F95226E7DA3900B6EFE0 /* Assets.xcassets in Resources */ = {isa = PBXBuildFile; fileRef = 5E99F92726E7DA3900B6EFE0 /* Assets.xcassets */; };
		5E99F95326E7DA3900B6EFE0 /* Assets.xcassets in Resources */ = {isa = PBXBuildFile; fileRef = 5E99F92726E7DA3900B6EFE0 /* Assets.xcassets */; };
/* End PBXBuildFile section */

/* Begin PBXContainerItemProxy section */
		5E99F93D26E7DA3900B6EFE0 /* PBXContainerItemProxy */ = {
			isa = PBXContainerItemProxy;
			containerPortal = 5E99F92026E7DA3800B6EFE0 /* Project object */;
			proxyType = 1;
			remoteGlobalIDString = 5E99F92B26E7DA3900B6EFE0;
			remoteInfo = "alpha-app (iOS)";
		};
		5E99F94826E7DA3900B6EFE0 /* PBXContainerItemProxy */ = {
			isa = PBXContainerItemProxy;
			containerPortal = 5E99F92026E7DA3800B6EFE0 /* Project object */;
			proxyType = 1;
			remoteGlobalIDString = 5E99F93326E7DA3900B6EFE0;
			remoteInfo = "alpha-app (macOS)";
		};
/* End PBXContainerItemProxy section */

/* Begin PBXFileReference section */
		5E99F92526E7DA3800B6EFE0 /* alpha_appApp.swift */ = {isa = PBXFileReference; lastKnownFileType = sourcecode.swift; path = alpha_appApp.swift; sourceTree = "<group>"; };
		5E99F92626E7DA3800B6EFE0 /* ContentView.swift */ = {isa = PBXFileReference; lastKnownFileType = sourcecode.swift; path = ContentView.swift; sourceTree = "<group>"; };
		5E99F92726E7DA3900B6EFE0 /* Assets.xcassets */ = {isa = PBXFileReference; lastKnownFileType = folder.assetcatalog; path = Assets.xcassets; sourceTree = "<group>"; };
		5E99F92C26E7DA3900B6EFE0 /* alpha-app.app */ = {isa = PBXFileReference; explicitFileType = wrapper.application; includeInIndex = 0; path = "alpha-app.app"; sourceTree = BUILT_PRODUCTS_DIR; };
		5E99F92F26E7DA3900B6EFE0 /* Info.plist */ = {isa = PBXFileReference; lastKnownFileType = text.plist.xml; path = Info.plist; sourceTree = "<group>"; };
		5E99F93426E7DA3900B6EFE0 /* alpha-app.app */ = {isa = PBXFileReference; explicitFileType = wrapper.application; includeInIndex = 0; path = "alpha-app.app"; sourceTree = BUILT_PRODUCTS_DIR; };
		5E99F93626E7DA3900B6EFE0 /* Info.plist */ = {isa = PBXFileReference; lastKnownFileType = text.plist.xml; path = Info.plist; sourceTree = "<group>"; };
		5E99F93726E7DA3900B6EFE0 /* macOS.entitlements */ = {isa = PBXFileReference; lastKnownFileType = text.plist.entitlements; path = macOS.entitlements; sourceTree = "<group>"; };
		5E99F93C26E7DA3900B6EFE0 /* Tests iOS.xctest */ = {isa = PBXFileReference; explicitFileType = wrapper.cfbundle; includeInIndex = 0; path = "Tests iOS.xctest"; sourceTree = BUILT_PRODUCTS_DIR; };
		5E99F94026E7DA3900B6EFE0 /* Tests_iOS.swift */ = {isa = PBXFileReference; lastKnownFileType = sourcecode.swift; path = Tests_iOS.swift; sourceTree = "<group>"; };
		5E99F94226E7DA3900B6EFE0 /* Info.plist */ = {isa = PBXFileReference; lastKnownFileType = text.plist.xml; path = Info.plist; sourceTree = "<group>"; };
		5E99F94726E7DA3900B6EFE0 /* Tests macOS.xctest */ = {isa = PBXFileReference; explicitFileType = wrapper.cfbundle; includeInIndex = 0; path = "Tests macOS.xctest"; sourceTree = BUILT_PRODUCTS_DIR; };
		5E99F94B26E7DA3900B6EFE0 /* Tests_macOS.swift */ = {isa = PBXFileReference; lastKnownFileType = sourcecode.swift; path = Tests_macOS.swift; sourceTree = "<group>"; };
		5E99F94D26E7DA3900B6EFE0 /* Info.plist */ = {isa = PBXFileReference; lastKnownFileType = text.plist.xml; path = Info.plist; sourceTree = "<group>"; };
/* End PBXFileReference section */

/* Begin PBXFrameworksBuildPhase section */
		5E99F92926E7DA3900B6EFE0 /* Frameworks */ = {
			isa = PBXFrameworksBuildPhase;
			buildActionMask = 2147483647;
			files = (
			);
			runOnlyForDeploymentPostprocessing = 0;
		};
		5E99F93126E7DA3900B6EFE0 /* Frameworks */ = {
			isa = PBXFrameworksBuildPhase;
			buildActionMask = 2147483647;
			files = (
			);
			runOnlyForDeploymentPostprocessing = 0;
		};
		5E99F93926E7DA3900B6EFE0 /* Frameworks */ = {
			isa = PBXFrameworksBuildPhase;
			buildActionMask = 2147483647;
			files = (
			);
			runOnlyForDeploymentPostprocessing = 0;
		};
		5E99F94426E7DA3900B6EFE0 /* Frameworks */ = {
			isa = PBXFrameworksBuildPhase;
			buildActionMask = 2147483647;
			files = (
			);
			runOnlyForDeploymentPostprocessing = 0;
		};
/* End PBXFrameworksBuildPhase section */

/* Begin PBXGroup section */
		5E99F91F26E7DA3800B6EFE0 = {
			isa = PBXGroup;
			children = (
				5E99F92426E7DA3800B6EFE0 /* Shared */,
				5E99F92E26E7DA3900B6EFE0 /* iOS */,
				5E99F93526E7DA3900B6EFE0 /* macOS */,
				5E99F93F26E7DA3900B6EFE0 /* Tests iOS */,
				5E99F94A26E7DA3900B6EFE0 /* Tests macOS */,
				5E99F92D26E7DA3900B6EFE0 /* Products */,
			);
			sourceTree = "<group>";
		};
		5E99F92426E7DA3800B6EFE0 /* Shared */ = {
			isa = PBXGroup;
			children = (
				5E99F92526E7DA3800B6EFE0 /* alpha_appApp.swift */,
				5E99F92626E7DA3800B6EFE0 /* ContentView.swift */,
				5E99F92726E7DA3900B6EFE0 /* Assets.xcassets */,
			);
			path = Shared;
			sourceTree = "<group>";
		};
		5E99F92D26E7DA3900B6EFE0 /* Products */ = {
			isa = PBXGroup;
			children = (
				5E99F92C26E7DA3900B6EFE0 /* alpha-app.app */,
				5E99F93426E7DA3900B6EFE0 /* alpha-app.app */,
				5E99F93C26E7DA3900B6EFE0 /* Tests iOS.xctest */,
				5E99F94726E7DA3900B6EFE0 /* Tests macOS.xctest */,
			);
			name = Products;
			sourceTree = "<group>";
		};
		5E99F92E26E7DA3900B6EFE0 /* iOS */ = {
			isa = PBXGroup;
			children = (
				5E99F92F26E7DA3900B6EFE0 /* Info.plist */,
			);
			path = iOS;
			sourceTree = "<group>";
		};
		5E99F93526E7DA3900B6EFE0 /* macOS */ = {
			isa = PBXGroup;
			children = (
				5E99F93626E7DA3900B6EFE0 /* Info.plist */,
				5E99F93726E7DA3900B6EFE0 /* macOS.entitlements */,
			);
			path = macOS;
			sourceTree = "<group>";
		};
		5E99F93F26E7DA3900B6EFE0 /* Tests iOS */ = {
			isa = PBXGroup;
			children = (
				5E99F94026E7DA3900B6EFE0 /* Tests_iOS.swift */,
				5E99F94226E7DA3900B6EFE0 /* Info.plist */,
			);
			path = "Tests iOS";
			sourceTree = "<group>";
		};
		5E99F94A26E7DA3900B6EFE0 /* Tests macOS */ = {
			isa = PBXGroup;
			children = (
				5E99F94B26E7DA3900B6EFE0 /* Tests_macOS.swift */,
				5E99F94D26E7DA3900B6EFE0 /* Info.plist */,
			);
			path = "Tests macOS";
			sourceTree = "<group>";
		};
/* End PBXGroup section */

/* Begin PBXNativeTarget section */
		5E99F92B26E7DA3900B6EFE0 /* alpha-app (iOS) */ = {
			isa = PBXNativeTarget;
			buildConfigurationList = 5E99F95626E7DA3900B6EFE0 /* Build configuration list for PBXNativeTarget "alpha-app (iOS)" */;
			buildPhases = (
				5E99F92826E7DA3900B6EFE0 /* Sources */,
				5E99F92926E7DA3900B6EFE0 /* Frameworks */,
				5E99F92A26E7DA3900B6EFE0 /* Resources */,
			);
			buildRules = (
			);
			dependencies = (
			);
			name = "alpha-app (iOS)";
			productName = "alpha-app (iOS)";
			productReference = 5E99F92C26E7DA3900B6EFE0 /* alpha-app.app */;
			productType = "com.apple.product-type.application";
		};
		5E99F93326E7DA3900B6EFE0 /* alpha-app (macOS) */ = {
			isa = PBXNativeTarget;
			buildConfigurationList = 5E99F95926E7DA3900B6EFE0 /* Build configuration list for PBXNativeTarget "alpha-app (macOS)" */;
			buildPhases = (
				5E99F93026E7DA3900B6EFE0 /* Sources */,
				5E99F93126E7DA3900B6EFE0 /* Frameworks */,
				5E99F93226E7DA3900B6EFE0 /* Resources */,
			);
			buildRules = (
			);
			dependencies = (
			);
			name = "alpha-app (macOS)";
			productName = "alpha-app (macOS)";
			productReference = 5E99F93426E7DA3900B6EFE0 /* alpha-app.app */;
			productType = "com.apple.product-type.application";
		};
		5E99F93B26E7DA3900B6EFE0 /* Tests iOS */ = {
			isa = PBXNativeTarget;
			buildConfigurationList = 5E99F95C26E7DA3900B6EFE0 /* Build configuration list for PBXNativeTarget "Tests iOS" */;
			buildPhases = (
				5E99F93826E7DA3900B6EFE0 /* Sources */,
				5E99F93926E7DA3900B6EFE0 /* Frameworks */,
				5E99F93A26E7DA3900B6EFE0 /* Resources */,
			);
			buildRules = (
			);
			dependencies = (
				5E99F93E26E7DA3900B6EFE0 /* PBXTargetDependency */,
			);
			name = "Tests iOS";
			productName = "Tests iOS";
			productReference = 5E99F93C26E7DA3900B6EFE0 /* Tests iOS.xctest */;
			productType = "com.apple.product-type.bundle.ui-testing";
		};
		5E99F94626E7DA3900B6EFE0 /* Tests macOS */ = {
			isa = PBXNativeTarget;
			buildConfigurationList = 5E99F95F26E7DA3900B6EFE0 /* Build configuration list for PBXNativeTarget "Tests macOS" */;
			buildPhases = (
				5E99F94326E7DA3900B6EFE0 /* Sources */,
				5E99F94426E7DA3900B6EFE0 /* Frameworks */,
				5E99F94526E7DA3900B6EFE0 /* Resources */,
			);
			buildRules = (
			);
			dependencies = (
				5E99F94926E7DA3900B6EFE0 /* PBXTargetDependency */,
			);
			name = "Tests macOS";
			productName = "Tests macOS";
			productReference = 5E99F94726E7DA3900B6EFE0 /* Tests macOS.xctest */;
			productType = "com.apple.product-type.bundle.ui-testing";
		};
/* End PBXNativeTarget section */

/* Begin PBXProject section */
		5E99F92026E7DA3800B6EFE0 /* Project object */ = {
			isa = PBXProject;
			attributes = {
				LastSwiftUpdateCheck = 1230;
				LastUpgradeCheck = 1230;
				TargetAttributes = {
					5E99F92B26E7DA3900B6EFE0 = {
						CreatedOnToolsVersion = 12.3;
					};
					5E99F93326E7DA3900B6EFE0 = {
						CreatedOnToolsVersion = 12.3;
					};
					5E99F93B26E7DA3900B6EFE0 = {
						CreatedOnToolsVersion = 12.3;
						TestTargetID = 5E99F92B26E7DA3900B6EFE0;
					};
					5E99F94626E7DA3900B6EFE0 = {
						CreatedOnToolsVersion = 12.3;
						TestTargetID = 5E99F93326E7DA3900B6EFE0;
					};
				};
			};
			buildConfigurationList = 5E99F92326E7DA3800B6EFE0 /* Build configuration list for PBXProject "alpha-app" */;
			compatibilityVersion = "Xcode 9.3";
			developmentRegion = en;
			hasScannedForEncodings = 0;
			knownRegions = (
				en,
				Base,
			);
			mainGroup = 5E99F91F26E7DA3800B6EFE0;
			productRefGroup = 5E99F92D26E7DA3900B6EFE0 /* Products */;
			projectDirPath = "";
			projectRoot = "";
			targets = (
				5E99F92B26E7DA3900B6EFE0 /* alpha-app (iOS) */,
				5E99F93326E7DA3900B6EFE0 /* alpha-app (macOS) */,
				5E99F93B26E7DA3900B6EFE0 /* Tests iOS */,
				5E99F94626E7DA3900B6EFE0 /* Tests macOS */,
			);
		};
/* End PBXProject section */

/* Begin PBXResourcesBuildPhase section */
		5E99F92A26E7DA3900B6EFE0 /* Resources */ = {
			isa = PBXResourcesBuildPhase;
			buildActionMask = 2147483647;
			files = (
				5E99F95226E7DA3900B6EFE0 /* Assets.xcassets in Resources */,
			);
			runOnlyForDeploymentPostprocessing = 0;
		};
		5E99F93226E7DA3900B6EFE0 /* Resources */ = {
			isa = PBXResourcesBuildPhase;
			buildActionMask = 2147483647;
			files = (
				5E99F95326E7DA3900B6EFE0 /* Assets.xcassets in Resources */,
			);
			runOnlyForDeploymentPostprocessing = 0;
		};
		5E99F93A26E7DA3900B6EFE0 /* Resources */ = {
			isa = PBXResourcesBuildPhase;
			buildActionMask = 2147483647;
			files = (
			);
			runOnlyForDeploymentPostprocessing = 0;
		};
		5E99F94526E7DA3900B6EFE0 /* Resources */ = {
			isa = PBXResourcesBuildPhase;
			buildActionMask = 2147483647;
			files = (
			);
			runOnlyForDeploymentPostprocessing = 0;
		};
/* End PBXResourcesBuildPhase section */

/* Begin PBXSourcesBuildPhase section */
		5E99F92826E7DA3900B6EFE0 /* Sources */ = {
			isa = PBXSourcesBuildPhase;
			buildActionMask = 2147483647;
			files = (
				5E99F95026E7DA3900B6EFE0 /* ContentView.swift in Sources */,
				5E99F94E26E7DA3900B6EFE0 /* alpha_appApp.swift in Sources */,
			);
			runOnlyForDeploymentPostprocessing = 0;
		};
		5E99F93026E7DA3900B6EFE0 /* Sources */ = {
			isa = PBXSourcesBuildPhase;
			buildActionMask = 2147483647;
			files = (
				5E99F95126E7DA3900B6EFE0 /* ContentView.swift in Sources */,
				5E99F94F26E7DA3900B6EFE0 /* alpha_appApp.swift in Sources */,
			);
			runOnlyForDeploymentPostprocessing = 0;
		};
		5E99F93826E7DA3900B6EFE0 /* Sources */ = {
			isa = PBXSourcesBuildPhase;
			buildActionMask = 2147483647;
			files = (
				5E99F94126E7DA3900B6EFE0 /* Tests_iOS.swift in Sources */,
			);
			runOnlyForDeploymentPostprocessing = 0;
		};
		5E99F94326E7DA3900B6EFE0 /* Sources */ = {
			isa = PBXSourcesBuildPhase;
			buildActionMask = 2147483647;
			files = (
				5E99F94C26E7DA3900B6EFE0 /* Tests_macOS.swift in Sources */,
			);
			runOnlyForDeploymentPostprocessing = 0;
		};
/* End PBXSourcesBuildPhase section */

/* Begin PBXTargetDependency section */
		5E99F93E26E7DA3900B6EFE0 /* PBXTargetDependency */ = {
			isa = PBXTargetDependency;
			target = 5E99F92B26E7DA3900B6EFE0 /* alpha-app (iOS) */;
			targetProxy = 5E99F93D26E7DA3900B6EFE0 /* PBXContainerItemProxy */;
		};
		5E99F94926E7DA3900B6EFE0 /* PBXTargetDependency */ = {
			isa = PBXTargetDependency;
			target = 5E99F93326E7DA3900B6EFE0 /* alpha-app (macOS) */;
			targetProxy = 5E99F94826E7DA3900B6EFE0 /* PBXContainerItemProxy */;
		};
/* End PBXTargetDependency section */

/* Begin XCBuildConfiguration section */
		5E99F95426E7DA3900B6EFE0 /* Debug */ = {
			isa = XCBuildConfiguration;
			buildSettings = {
				ALWAYS_SEARCH_USER_PATHS = NO;
				CLANG_ANALYZER_NONNULL = YES;
				CLANG_ANALYZER_NUMBER_OBJECT_CONVERSION = YES_AGGRESSIVE;
				CLANG_CXX_LANGUAGE_STANDARD = "gnu++14";
				CLANG_CXX_LIBRARY = "libc++";
				CLANG_ENABLE_MODULES = YES;
				CLANG_ENABLE_OBJC_ARC = YES;
				CLANG_ENABLE_OBJC_WEAK = YES;
				CLANG_WARN_BLOCK_CAPTURE_AUTORELEASING = YES;
				CLANG_WARN_BOOL_CONVERSION = YES;
				CLANG_WARN_COMMA = YES;
				CLANG_WARN_CONSTANT_CONVERSION = YES;
				CLANG_WARN_DEPRECATED_OBJC_IMPLEMENTATIONS = YES;
				CLANG_WARN_DIRECT_OBJC_ISA_USAGE = YES_ERROR;
				CLANG_WARN_DOCUMENTATION_COMMENTS = YES;
				CLANG_WARN_EMPTY_BODY = YES;
				CLANG_WARN_ENUM_CONVERSION = YES;
				CLANG_WARN_INFINITE_RECURSION = YES;
				CLANG_WARN_INT_CONVERSION = YES;
				CLANG_WARN_NON_LITERAL_NULL_CONVERSION = YES;
				CLANG_WARN_OBJC_IMPLICIT_RETAIN_SELF = YES;
				CLANG_WARN_OBJC_LITERAL_CONVERSION = YES;
				CLANG_WARN_OBJC_ROOT_CLASS = YES_ERROR;
				CLANG_WARN_QUOTED_INCLUDE_IN_FRAMEWORK_HEADER = YES;
				CLANG_WARN_RANGE_LOOP_ANALYSIS = YES;
				CLANG_WARN_STRICT_PROTOTYPES = YES;
				CLANG_WARN_SUSPICIOUS_MOVE = YES;
				CLANG_WARN_UNGUARDED_AVAILABILITY = YES_AGGRESSIVE;
				CLANG_WARN_UNREACHABLE_CODE = YES;
				CLANG_WARN__DUPLICATE_METHOD_MATCH = YES;
				COPY_PHASE_STRIP = NO;
				DEBUG_INFORMATION_FORMAT = dwarf;
				ENABLE_STRICT_OBJC_MSGSEND = YES;
				ENABLE_TESTABILITY = YES;
				GCC_C_LANGUAGE_STANDARD = gnu11;
				GCC_DYNAMIC_NO_PIC = NO;
				GCC_NO_COMMON_BLOCKS = YES;
				GCC_OPTIMIZATION_LEVEL = 0;
				GCC_PREPROCESSOR_DEFINITIONS = (
					"DEBUG=1",
					"$(inherited)",
				);
				GCC_WARN_64_TO_32_BIT_CONVERSION = YES;
				GCC_WARN_ABOUT_RETURN_TYPE = YES_ERROR;
				GCC_WARN_UNDECLARED_SELECTOR = YES;
				GCC_WARN_UNINITIALIZED_AUTOS = YES_AGGRESSIVE;
				GCC_WARN_UNUSED_FUNCTION = YES;
				GCC_WARN_UNUSED_VARIABLE = YES;
				MTL_ENABLE_DEBUG_INFO = INCLUDE_SOURCE;
				MTL_FAST_MATH = YES;
				ONLY_ACTIVE_ARCH = YES;
				SWIFT_ACTIVE_COMPILATION_CONDITIONS = DEBUG;
				SWIFT_OPTIMIZATION_LEVEL = "-Onone";
			};
			name = Debug;
		};
		5E99F95526E7DA3900B6EFE0 /* Release */ = {
			isa = XCBuildConfiguration;
			buildSettings = {
				ALWAYS_SEARCH_USER_PATHS = NO;
				CLANG_ANALYZER_NONNULL = YES;
				CLANG_ANALYZER_NUMBER_OBJECT_CONVERSION = YES_AGGRESSIVE;
				CLANG_CXX_LANGUAGE_STANDARD = "gnu++14";
				CLANG_CXX_LIBRARY = "libc++";
				CLANG_ENABLE_MODULES = YES;
				CLANG_ENABLE_OBJC_ARC = YES;
				CLANG_ENABLE_OBJC_WEAK = YES;
				CLANG_WARN_BLOCK_CAPTURE_AUTORELEASING = YES;
				CLANG_WARN_BOOL_CONVERSION = YES;
				CLANG_WARN_COMMA = YES;
				CLANG_WARN_CONSTANT_CONVERSION = YES;
				CLANG_WARN_DEPRECATED_OBJC_IMPLEMENTATIONS = YES;
				CLANG_WARN_DIRECT_OBJC_ISA_USAGE = YES_ERROR;
				CLANG_WARN_DOCUMENTATION_COMMENTS = YES;
				CLANG_WARN_EMPTY_BODY = YES;
				CLANG_WARN_ENUM_CONVERSION = YES;
				CLANG_WARN_INFINITE_RECURSION = YES;
				CLANG_WARN_INT_CONVERSION = YES;
				CLANG_WARN_NON_LITERAL_NULL_CONVERSION = YES;
				CLANG_WARN_OBJC_IMPLICIT_RETAIN_SELF = YES;
				CLANG_WARN_OBJC_LITERAL_CONVERSION = YES;
				CLANG_WARN_OBJC_ROOT_CLASS = YES_ERROR;
				CLANG_WARN_QUOTED_INCLUDE_IN_FRAMEWORK_HEADER = YES;
				CLANG_WARN_RANGE_LOOP_ANALYSIS = YES;
				CLANG_WARN_STRICT_PROTOTYPES = YES;
				CLANG_WARN_SUSPICIOUS_MOVE = YES;
				CLANG_WARN_UNGUARDED_AVAILABILITY = YES_AGGRESSIVE;
				CLANG_WARN_UNREACHABLE_CODE = YES;
				CLANG_WARN__DUPLICATE_METHOD_MATCH = YES;
				COPY_PHASE_STRIP = NO;
				DEBUG_INFORMATION_FORMAT = "dwarf-with-dsym";
				ENABLE_NS_ASSERTIONS = NO;
				ENABLE_STRICT_OBJC_MSGSEND = YES;
				GCC_C_LANGUAGE_STANDARD = gnu11;
				GCC_NO_COMMON_BLOCKS = YES;
				GCC_WARN_64_TO_32_BIT_CONVERSION = YES;
				GCC_WARN_ABOUT_RETURN_TYPE = YES_ERROR;
				GCC_WARN_UNDECLARED_SELECTOR = YES;
				GCC_WARN_UNINITIALIZED_AUTOS = YES_AGGRESSIVE;
				GCC_WARN_UNUSED_FUNCTION = YES;
				GCC_WARN_UNUSED_VARIABLE = YES;
				MTL_ENABLE_DEBUG_INFO = NO;
				MTL_FAST_MATH = YES;
				SWIFT_COMPILATION_MODE = wholemodule;
				SWIFT_OPTIMIZATION_LEVEL = "-O";
			};
			name = Release;
		};
		5E99F95726E7DA3900B6EFE0 /* Debug */ = {
			isa = XCBuildConfiguration;
			buildSettings = {
				ASSETCATALOG_COMPILER_APPICON_NAME = AppIcon;
				ASSETCATALOG_COMPILER_GLOBAL_ACCENT_COLOR_NAME = AccentColor;
				CODE_SIGN_STYLE = Automatic;
				DEVELOPMENT_TEAM = XM86A3X2SX;
				ENABLE_PREVIEWS = YES;
				INFOPLIST_FILE = iOS/Info.plist;
				IPHONEOS_DEPLOYMENT_TARGET = 14.0;
				LD_RUNPATH_SEARCH_PATHS = (
					"$(inherited)",
					"@executable_path/Frameworks",
				);
				PRODUCT_BUNDLE_IDENTIFIER = "com.thirdlander.alpha-app";
				PRODUCT_NAME = "alpha-app";
				SDKROOT = iphoneos;
				SWIFT_VERSION = 5.0;
				TARGETED_DEVICE_FAMILY = "1,2";
			};
			name = Debug;
		};
		5E99F95826E7DA3900B6EFE0 /* Release */ = {
			isa = XCBuildConfiguration;
			buildSettings = {
				ASSETCATALOG_COMPILER_APPICON_NAME = AppIcon;
				ASSETCATALOG_COMPILER_GLOBAL_ACCENT_COLOR_NAME = AccentColor;
				CODE_SIGN_STYLE = Automatic;
				DEVELOPMENT_TEAM = XM86A3X2SX;
				ENABLE_PREVIEWS = YES;
				INFOPLIST_FILE = iOS/Info.plist;
				IPHONEOS_DEPLOYMENT_TARGET = 14.0;
				LD_RUNPATH_SEARCH_PATHS = (
					"$(inherited)",
					"@executable_path/Frameworks",
				);
				PRODUCT_BUNDLE_IDENTIFIER = "com.thirdlander.alpha-app";
				PRODUCT_NAME = "alpha-app";
				SDKROOT = iphoneos;
				SWIFT_VERSION = 5.0;
				TARGETED_DEVICE_FAMILY = "1,2";
				VALIDATE_PRODUCT = YES;
			};
			name = Release;
		};
		5E99F95A26E7DA3900B6EFE0 /* Debug */ = {
			isa = XCBuildConfiguration;
			buildSettings = {
				ASSETCATALOG_COMPILER_APPICON_NAME = AppIcon;
				ASSETCATALOG_COMPILER_GLOBAL_ACCENT_COLOR_NAME = AccentColor;
				CODE_SIGN_ENTITLEMENTS = macOS/macOS.entitlements;
				CODE_SIGN_STYLE = Automatic;
				COMBINE_HIDPI_IMAGES = YES;
				DEVELOPMENT_TEAM = XM86A3X2SX;
				ENABLE_HARDENED_RUNTIME = YES;
				ENABLE_PREVIEWS = YES;
				INFOPLIST_FILE = macOS/Info.plist;
				LD_RUNPATH_SEARCH_PATHS = (
					"$(inherited)",
					"@executable_path/../Frameworks",
				);
				MACOSX_DEPLOYMENT_TARGET = 11.0;
				PRODUCT_BUNDLE_IDENTIFIER = "com.thirdlander.alpha-app";
				PRODUCT_NAME = "alpha-app";
				SDKROOT = macosx;
				SWIFT_VERSION = 5.0;
			};
			name = Debug;
		};
		5E99F95B26E7DA3900B6EFE0 /* Release */ = {
			isa = XCBuildConfiguration;
			buildSettings = {
				ASSETCATALOG_COMPILER_APPICON_NAME = AppIcon;
				ASSETCATALOG_COMPILER_GLOBAL_ACCENT_COLOR_NAME = AccentColor;
				CODE_SIGN_ENTITLEMENTS = macOS/macOS.entitlements;
				CODE_SIGN_STYLE = Automatic;
				COMBINE_HIDPI_IMAGES = YES;
				DEVELOPMENT_TEAM = XM86A3X2SX;
				ENABLE_HARDENED_RUNTIME = YES;
				ENABLE_PREVIEWS = YES;
				INFOPLIST_FILE = macOS/Info.plist;
				LD_RUNPATH_SEARCH_PATHS = (
					"$(inherited)",
					"@executable_path/../Frameworks",
				);
				MACOSX_DEPLOYMENT_TARGET = 11.0;
				PRODUCT_BUNDLE_IDENTIFIER = "com.thirdlander.alpha-app";
				PRODUCT_NAME = "alpha-app";
				SDKROOT = macosx;
				SWIFT_VERSION = 5.0;
			};
			name = Release;
		};
		5E99F95D26E7DA3900B6EFE0 /* Debug */ = {
			isa = XCBuildConfiguration;
			buildSettings = {
				ALWAYS_EMBED_SWIFT_STANDARD_LIBRARIES = YES;
				CODE_SIGN_STYLE = Automatic;
				DEVELOPMENT_TEAM = XM86A3X2SX;
				INFOPLIST_FILE = "Tests iOS/Info.plist";
				IPHONEOS_DEPLOYMENT_TARGET = 14.3;
				LD_RUNPATH_SEARCH_PATHS = (
					"$(inherited)",
					"@executable_path/Frameworks",
					"@loader_path/Frameworks",
				);
				PRODUCT_BUNDLE_IDENTIFIER = "com.thirdlander.Tests-iOS";
				PRODUCT_NAME = "$(TARGET_NAME)";
				SDKROOT = iphoneos;
				SWIFT_VERSION = 5.0;
				TARGETED_DEVICE_FAMILY = "1,2";
				TEST_TARGET_NAME = "alpha-app (iOS)";
			};
			name = Debug;
		};
		5E99F95E26E7DA3900B6EFE0 /* Release */ = {
			isa = XCBuildConfiguration;
			buildSettings = {
				ALWAYS_EMBED_SWIFT_STANDARD_LIBRARIES = YES;
				CODE_SIGN_STYLE = Automatic;
				DEVELOPMENT_TEAM = XM86A3X2SX;
				INFOPLIST_FILE = "Tests iOS/Info.plist";
				IPHONEOS_DEPLOYMENT_TARGET = 14.3;
				LD_RUNPATH_SEARCH_PATHS = (
					"$(inherited)",
					"@executable_path/Frameworks",
					"@loader_path/Frameworks",
				);
				PRODUCT_BUNDLE_IDENTIFIER = "com.thirdlander.Tests-iOS";
				PRODUCT_NAME = "$(TARGET_NAME)";
				SDKROOT = iphoneos;
				SWIFT_VERSION = 5.0;
				TARGETED_DEVICE_FAMILY = "1,2";
				TEST_TARGET_NAME = "alpha-app (iOS)";
				VALIDATE_PRODUCT = YES;
			};
			name = Release;
		};
		5E99F96026E7DA3900B6EFE0 /* Debug */ = {
			isa = XCBuildConfiguration;
			buildSettings = {
				ALWAYS_EMBED_SWIFT_STANDARD_LIBRARIES = YES;
				CODE_SIGN_STYLE = Automatic;
				COMBINE_HIDPI_IMAGES = YES;
				DEVELOPMENT_TEAM = XM86A3X2SX;
				INFOPLIST_FILE = "Tests macOS/Info.plist";
				LD_RUNPATH_SEARCH_PATHS = (
					"$(inherited)",
					"@executable_path/../Frameworks",
					"@loader_path/../Frameworks",
				);
				MACOSX_DEPLOYMENT_TARGET = 10.15;
				PRODUCT_BUNDLE_IDENTIFIER = "com.thirdlander.Tests-macOS";
				PRODUCT_NAME = "$(TARGET_NAME)";
				SDKROOT = macosx;
				SWIFT_VERSION = 5.0;
				TEST_TARGET_NAME = "alpha-app (macOS)";
			};
			name = Debug;
		};
		5E99F96126E7DA3900B6EFE0 /* Release */ = {
			isa = XCBuildConfiguration;
			buildSettings = {
				ALWAYS_EMBED_SWIFT_STANDARD_LIBRARIES = YES;
				CODE_SIGN_STYLE = Automatic;
				COMBINE_HIDPI_IMAGES = YES;
				DEVELOPMENT_TEAM = XM86A3X2SX;
				INFOPLIST_FILE = "Tests macOS/Info.plist";
				LD_RUNPATH_SEARCH_PATHS = (
					"$(inherited)",
					"@executable_path/../Frameworks",
					"@loader_path/../Frameworks",
				);
				MACOSX_DEPLOYMENT_TARGET = 10.15;
				PRODUCT_BUNDLE_IDENTIFIER = "com.thirdlander.Tests-macOS";
				PRODUCT_NAME = "$(TARGET_NAME)";
				SDKROOT = macosx;
				SWIFT_VERSION = 5.0;
				TEST_TARGET_NAME = "alpha-app (macOS)";
			};
			name = Release;
		};
/* End XCBuildConfiguration section */

/* Begin XCConfigurationList section */
		5E99F92326E7DA3800B6EFE0 /* Build configuration list for PBXProject "alpha-app" */ = {
			isa = XCConfigurationList;
			buildConfigurations = (
				5E99F95426E7DA3900B6EFE0 /* Debug */,
				5E99F95526E7DA3900B6EFE0 /* Release */,
			);
			defaultConfigurationIsVisible = 0;
			defaultConfigurationName = Release;
		};
		5E99F95626E7DA3900B6EFE0 /* Build configuration list for PBXNativeTarget "alpha-app (iOS)" */ = {
			isa = XCConfigurationList;
			buildConfigurations = (
				5E99F95726E7DA3900B6EFE0 /* Debug */,
				5E99F95826E7DA3900B6EFE0 /* Release */,
			);
			defaultConfigurationIsVisible = 0;
			defaultConfigurationName = Release;
		};
		5E99F95926E7DA3900B6EFE0 /* Build configuration list for PBXNativeTarget "alpha-app (macOS)" */ = {
			isa = XCConfigurationList;
			buildConfigurations = (
				5E99F95A26E7DA3900B6EFE0 /* Debug */,
				5E99F95B26E7DA3900B6EFE0 /* Release */,
			);
			defaultConfigurationIsVisible = 0;
			defaultConfigurationName = Release;
		};
		5E99F95C26E7DA3900B6EFE0 /* Build configuration list for PBXNativeTarget "Tests iOS" */ = {
			isa = XCConfigurationList;
			buildConfigurations = (
				5E99F95D26E7DA3900B6EFE0 /* Debug */,
				5E99F95E26E7DA3900B6EFE0 /* Release */,
			);
			defaultConfigurationIsVisible = 0;
			defaultConfigurationName = Release;
		};
		5E99F95F26E7DA3900B6EFE0 /* Build configuration list for PBXNativeTarget "Tests macOS" */ = {
			isa = XCConfigurationList;
			buildConfigurations = (
				5E99F96026E7DA3900B6EFE0 /* Debug */,
				5E99F96126E7DA3900B6EFE0 /* Release */,
			);
			defaultConfigurationIsVisible = 0;
			defaultConfigurationName = Release;
		};
/* End XCConfigurationList section */
	};
	rootObject = 5E99F92026E7DA3800B6EFE0 /* Project object */;
}
